// !$*UTF8*$!
{
	archiveVersion = 1;
	classes = {
	};
	objectVersion = 46;
	objects = {

/* Begin PBXBuildFile section */
		1B7FA0FB1AA1D26D0005624B /* MasterScene.m in Sources */ = {isa = PBXBuildFile; fileRef = 1B7FA0FA1AA1D26D0005624B /* MasterScene.m */; };
		7E29E9161A9C7EB9008C286C /* Player.m in Sources */ = {isa = PBXBuildFile; fileRef = 7E29E9151A9C7EB9008C286C /* Player.m */; };
		7E595E561AA1EF960017A4CD /* libz.dylib in Frameworks */ = {isa = PBXBuildFile; fileRef = 7E57E2C61AA1E6D000AB94A5 /* libz.dylib */; };
		7E595E771AA40AD30017A4CD /* level1.tmx in Resources */ = {isa = PBXBuildFile; fileRef = 7E595E761AA40AD30017A4CD /* level1.tmx */; };
		7E595E791AA40AFD0017A4CD /* tileSet@2x.png in Resources */ = {isa = PBXBuildFile; fileRef = 7E595E781AA40AFD0017A4CD /* tileSet@2x.png */; };
		7E595E7B1AA40B120017A4CD /* tileSet.png in Resources */ = {isa = PBXBuildFile; fileRef = 7E595E7A1AA40B120017A4CD /* tileSet.png */; };
		B146E42F1A9C09ED000CB0A0 /* main.m in Sources */ = {isa = PBXBuildFile; fileRef = B146E42E1A9C09ED000CB0A0 /* main.m */; };
		B146E4321A9C09ED000CB0A0 /* AppDelegate.m in Sources */ = {isa = PBXBuildFile; fileRef = B146E4311A9C09ED000CB0A0 /* AppDelegate.m */; };
		B146E4351A9C09ED000CB0A0 /* GameScene.m in Sources */ = {isa = PBXBuildFile; fileRef = B146E4341A9C09ED000CB0A0 /* GameScene.m */; };
		B146E43A1A9C09ED000CB0A0 /* GameViewController.m in Sources */ = {isa = PBXBuildFile; fileRef = B146E4391A9C09ED000CB0A0 /* GameViewController.m */; };
		B146E43D1A9C09ED000CB0A0 /* Main.storyboard in Resources */ = {isa = PBXBuildFile; fileRef = B146E43B1A9C09ED000CB0A0 /* Main.storyboard */; };
		B146E43F1A9C09ED000CB0A0 /* Images.xcassets in Resources */ = {isa = PBXBuildFile; fileRef = B146E43E1A9C09ED000CB0A0 /* Images.xcassets */; };
		B146E4421A9C09ED000CB0A0 /* LaunchScreen.xib in Resources */ = {isa = PBXBuildFile; fileRef = B146E4401A9C09ED000CB0A0 /* LaunchScreen.xib */; };
		B146E44E1A9C09ED000CB0A0 /* LightsOutTests.m in Sources */ = {isa = PBXBuildFile; fileRef = B146E44D1A9C09ED000CB0A0 /* LightsOutTests.m */; };
		B1A62FE51AA1FDA500D23982 /* SpriteKit.framework in Frameworks */ = {isa = PBXBuildFile; fileRef = B1A62FE41AA1FDA500D23982 /* SpriteKit.framework */; };
		B1A62FE71AA1FDB300D23982 /* CoreGraphics.framework in Frameworks */ = {isa = PBXBuildFile; fileRef = B1A62FE61AA1FDB300D23982 /* CoreGraphics.framework */; };
		B1A62FE91AA1FDB900D23982 /* UIKit.framework in Frameworks */ = {isa = PBXBuildFile; fileRef = B1A62FE81AA1FDB900D23982 /* UIKit.framework */; };
		B1A62FEB1AA1FDCD00D23982 /* Foundation.framework in Frameworks */ = {isa = PBXBuildFile; fileRef = B1A62FEA1AA1FDCD00D23982 /* Foundation.framework */; };
		B1A62FF11AA2027000D23982 /* JSTileMap.m in Sources */ = {isa = PBXBuildFile; fileRef = B1A62FF01AA2027000D23982 /* JSTileMap.m */; };
		B1A62FFB1AA206E700D23982 /* bluetile.png in Resources */ = {isa = PBXBuildFile; fileRef = B1A62FF81AA206E700D23982 /* bluetile.png */; };
		B1A62FFC1AA206E700D23982 /* crackedtile.png in Resources */ = {isa = PBXBuildFile; fileRef = B1A62FF91AA206E700D23982 /* crackedtile.png */; };
		B1A62FFD1AA206E700D23982 /* redtile.png in Resources */ = {isa = PBXBuildFile; fileRef = B1A62FFA1AA206E700D23982 /* redtile.png */; };
		B1A62FFF1AA20B1D00D23982 /* lightsout2.png in Resources */ = {isa = PBXBuildFile; fileRef = B1A62FFE1AA20B1D00D23982 /* lightsout2.png */; };
		B1B0EC651AA1B31C0034434B /* Task.m in Sources */ = {isa = PBXBuildFile; fileRef = B1B0EC621AA1B31C0034434B /* Task.m */; };
		B1B0EC661AA1B31C0034434B /* TaskQueue.m in Sources */ = {isa = PBXBuildFile; fileRef = B1B0EC641AA1B31C0034434B /* TaskQueue.m */; };
		B1B0EC711AA1ED210034434B /* lo_level1.tmx in Resources */ = {isa = PBXBuildFile; fileRef = B1B0EC701AA1ED210034434B /* lo_level1.tmx */; };
		B1B0EC771AA1F82E0034434B /* LFCGzipUtility.m in Sources */ = {isa = PBXBuildFile; fileRef = B1B0EC751AA1F82E0034434B /* LFCGzipUtility.m */; };
		B1DBC54F1AA43F7A000C93F7 /* lo_level2.tmx in Resources */ = {isa = PBXBuildFile; fileRef = B1DBC54A1AA43F7A000C93F7 /* lo_level2.tmx */; };
/* End PBXBuildFile section */

/* Begin PBXContainerItemProxy section */
		B146E4481A9C09ED000CB0A0 /* PBXContainerItemProxy */ = {
			isa = PBXContainerItemProxy;
			containerPortal = B146E4211A9C09ED000CB0A0 /* Project object */;
			proxyType = 1;
			remoteGlobalIDString = B146E4281A9C09ED000CB0A0;
			remoteInfo = LightsOut;
		};
/* End PBXContainerItemProxy section */

/* Begin PBXFileReference section */
		1B7FA0F91AA1D26D0005624B /* MasterScene.h */ = {isa = PBXFileReference; fileEncoding = 4; lastKnownFileType = sourcecode.c.h; path = MasterScene.h; sourceTree = "<group>"; };
		1B7FA0FA1AA1D26D0005624B /* MasterScene.m */ = {isa = PBXFileReference; fileEncoding = 4; lastKnownFileType = sourcecode.c.objc; path = MasterScene.m; sourceTree = "<group>"; };
		7E29E9141A9C7EB9008C286C /* Player.h */ = {isa = PBXFileReference; fileEncoding = 4; lastKnownFileType = sourcecode.c.h; path = Player.h; sourceTree = "<group>"; };
		7E29E9151A9C7EB9008C286C /* Player.m */ = {isa = PBXFileReference; fileEncoding = 4; lastKnownFileType = sourcecode.c.objc; path = Player.m; sourceTree = "<group>"; };
		7E57E2C61AA1E6D000AB94A5 /* libz.dylib */ = {isa = PBXFileReference; lastKnownFileType = "compiled.mach-o.dylib"; name = libz.dylib; path = usr/lib/libz.dylib; sourceTree = SDKROOT; };
		7E595E761AA40AD30017A4CD /* level1.tmx */ = {isa = PBXFileReference; fileEncoding = 4; lastKnownFileType = text.xml; name = level1.tmx; path = "../../../Downloads/SuperKoalioPt1Start 2/SuperKoalio/level1.tmx"; sourceTree = "<group>"; };
		7E595E781AA40AFD0017A4CD /* tileSet@2x.png */ = {isa = PBXFileReference; lastKnownFileType = image.png; name = "tileSet@2x.png"; path = "../../../Downloads/SuperKoalioPt1Start 2/SuperKoalio/tileSet@2x.png"; sourceTree = "<group>"; };
		7E595E7A1AA40B120017A4CD /* tileSet.png */ = {isa = PBXFileReference; lastKnownFileType = image.png; name = tileSet.png; path = "../../../Downloads/SuperKoalioPt1Start 2/SuperKoalio/tileSet.png"; sourceTree = "<group>"; };
		B146E4291A9C09ED000CB0A0 /* LightsOut.app */ = {isa = PBXFileReference; explicitFileType = wrapper.application; includeInIndex = 0; path = LightsOut.app; sourceTree = BUILT_PRODUCTS_DIR; };
		B146E42D1A9C09ED000CB0A0 /* Info.plist */ = {isa = PBXFileReference; lastKnownFileType = text.plist.xml; path = Info.plist; sourceTree = "<group>"; };
		B146E42E1A9C09ED000CB0A0 /* main.m */ = {isa = PBXFileReference; lastKnownFileType = sourcecode.c.objc; path = main.m; sourceTree = "<group>"; };
		B146E4301A9C09ED000CB0A0 /* AppDelegate.h */ = {isa = PBXFileReference; lastKnownFileType = sourcecode.c.h; path = AppDelegate.h; sourceTree = "<group>"; };
		B146E4311A9C09ED000CB0A0 /* AppDelegate.m */ = {isa = PBXFileReference; lastKnownFileType = sourcecode.c.objc; path = AppDelegate.m; sourceTree = "<group>"; };
		B146E4331A9C09ED000CB0A0 /* GameScene.h */ = {isa = PBXFileReference; lastKnownFileType = sourcecode.c.h; path = GameScene.h; sourceTree = "<group>"; };
		B146E4341A9C09ED000CB0A0 /* GameScene.m */ = {isa = PBXFileReference; lastKnownFileType = sourcecode.c.objc; path = GameScene.m; sourceTree = "<group>"; };
		B146E4381A9C09ED000CB0A0 /* GameViewController.h */ = {isa = PBXFileReference; lastKnownFileType = sourcecode.c.h; path = GameViewController.h; sourceTree = "<group>"; };
		B146E4391A9C09ED000CB0A0 /* GameViewController.m */ = {isa = PBXFileReference; lastKnownFileType = sourcecode.c.objc; path = GameViewController.m; sourceTree = "<group>"; };
		B146E43C1A9C09ED000CB0A0 /* Base */ = {isa = PBXFileReference; lastKnownFileType = file.storyboard; name = Base; path = Base.lproj/Main.storyboard; sourceTree = "<group>"; };
		B146E43E1A9C09ED000CB0A0 /* Images.xcassets */ = {isa = PBXFileReference; lastKnownFileType = folder.assetcatalog; path = Images.xcassets; sourceTree = "<group>"; };
		B146E4411A9C09ED000CB0A0 /* Base */ = {isa = PBXFileReference; lastKnownFileType = file.xib; name = Base; path = Base.lproj/LaunchScreen.xib; sourceTree = "<group>"; };
		B146E4471A9C09ED000CB0A0 /* LightsOutTests.xctest */ = {isa = PBXFileReference; explicitFileType = wrapper.cfbundle; includeInIndex = 0; path = LightsOutTests.xctest; sourceTree = BUILT_PRODUCTS_DIR; };
		B146E44C1A9C09ED000CB0A0 /* Info.plist */ = {isa = PBXFileReference; lastKnownFileType = text.plist.xml; path = Info.plist; sourceTree = "<group>"; };
		B146E44D1A9C09ED000CB0A0 /* LightsOutTests.m */ = {isa = PBXFileReference; lastKnownFileType = sourcecode.c.objc; path = LightsOutTests.m; sourceTree = "<group>"; };
		B1A62FE41AA1FDA500D23982 /* SpriteKit.framework */ = {isa = PBXFileReference; lastKnownFileType = wrapper.framework; name = SpriteKit.framework; path = System/Library/Frameworks/SpriteKit.framework; sourceTree = SDKROOT; };
		B1A62FE61AA1FDB300D23982 /* CoreGraphics.framework */ = {isa = PBXFileReference; lastKnownFileType = wrapper.framework; name = CoreGraphics.framework; path = System/Library/Frameworks/CoreGraphics.framework; sourceTree = SDKROOT; };
		B1A62FE81AA1FDB900D23982 /* UIKit.framework */ = {isa = PBXFileReference; lastKnownFileType = wrapper.framework; name = UIKit.framework; path = System/Library/Frameworks/UIKit.framework; sourceTree = SDKROOT; };
		B1A62FEA1AA1FDCD00D23982 /* Foundation.framework */ = {isa = PBXFileReference; lastKnownFileType = wrapper.framework; name = Foundation.framework; path = System/Library/Frameworks/Foundation.framework; sourceTree = SDKROOT; };
		B1A62FEF1AA2027000D23982 /* JSTileMap.h */ = {isa = PBXFileReference; fileEncoding = 4; lastKnownFileType = sourcecode.c.h; path = JSTileMap.h; sourceTree = "<group>"; };
		B1A62FF01AA2027000D23982 /* JSTileMap.m */ = {isa = PBXFileReference; fileEncoding = 4; lastKnownFileType = sourcecode.c.objc; path = JSTileMap.m; sourceTree = "<group>"; };
		B1A62FF81AA206E700D23982 /* bluetile.png */ = {isa = PBXFileReference; lastKnownFileType = image.png; name = bluetile.png; path = Maps/bluetile.png; sourceTree = "<group>"; };
		B1A62FF91AA206E700D23982 /* crackedtile.png */ = {isa = PBXFileReference; lastKnownFileType = image.png; name = crackedtile.png; path = Maps/crackedtile.png; sourceTree = "<group>"; };
		B1A62FFA1AA206E700D23982 /* redtile.png */ = {isa = PBXFileReference; lastKnownFileType = image.png; name = redtile.png; path = Maps/redtile.png; sourceTree = "<group>"; };
		B1A62FFE1AA20B1D00D23982 /* lightsout2.png */ = {isa = PBXFileReference; lastKnownFileType = image.png; path = lightsout2.png; sourceTree = "<group>"; };
		B1B0EC611AA1B31C0034434B /* Task.h */ = {isa = PBXFileReference; fileEncoding = 4; lastKnownFileType = sourcecode.c.h; path = Task.h; sourceTree = "<group>"; };
		B1B0EC621AA1B31C0034434B /* Task.m */ = {isa = PBXFileReference; fileEncoding = 4; lastKnownFileType = sourcecode.c.objc; path = Task.m; sourceTree = "<group>"; };
		B1B0EC631AA1B31C0034434B /* TaskQueue.h */ = {isa = PBXFileReference; fileEncoding = 4; lastKnownFileType = sourcecode.c.h; path = TaskQueue.h; sourceTree = "<group>"; };
		B1B0EC641AA1B31C0034434B /* TaskQueue.m */ = {isa = PBXFileReference; fileEncoding = 4; lastKnownFileType = sourcecode.c.objc; path = TaskQueue.m; sourceTree = "<group>"; };
		B1B0EC701AA1ED210034434B /* lo_level1.tmx */ = {isa = PBXFileReference; fileEncoding = 4; lastKnownFileType = text.xml; name = lo_level1.tmx; path = Maps/lo_level1.tmx; sourceTree = "<group>"; };
		B1B0EC741AA1F82E0034434B /* LFCGzipUtility.h */ = {isa = PBXFileReference; fileEncoding = 4; lastKnownFileType = sourcecode.c.h; path = LFCGzipUtility.h; sourceTree = SOURCE_ROOT; };
		B1B0EC751AA1F82E0034434B /* LFCGzipUtility.m */ = {isa = PBXFileReference; fileEncoding = 4; lastKnownFileType = sourcecode.c.objc; path = LFCGzipUtility.m; sourceTree = SOURCE_ROOT; };
		B1DBC54A1AA43F7A000C93F7 /* lo_level2.tmx */ = {isa = PBXFileReference; fileEncoding = 4; lastKnownFileType = text.xml; name = lo_level2.tmx; path = Maps/lo_level2.tmx; sourceTree = "<group>"; };
/* End PBXFileReference section */

/* Begin PBXFrameworksBuildPhase section */
		B146E4261A9C09ED000CB0A0 /* Frameworks */ = {
			isa = PBXFrameworksBuildPhase;
			buildActionMask = 2147483647;
			files = (
				B1A62FEB1AA1FDCD00D23982 /* Foundation.framework in Frameworks */,
				B1A62FE91AA1FDB900D23982 /* UIKit.framework in Frameworks */,
				B1A62FE71AA1FDB300D23982 /* CoreGraphics.framework in Frameworks */,
				B1A62FE51AA1FDA500D23982 /* SpriteKit.framework in Frameworks */,
				7E595E561AA1EF960017A4CD /* libz.dylib in Frameworks */,
			);
			runOnlyForDeploymentPostprocessing = 0;
		};
		B146E4441A9C09ED000CB0A0 /* Frameworks */ = {
			isa = PBXFrameworksBuildPhase;
			buildActionMask = 2147483647;
			files = (
			);
			runOnlyForDeploymentPostprocessing = 0;
		};
/* End PBXFrameworksBuildPhase section */

/* Begin PBXGroup section */
		1B7FA0FC1AA1D3380005624B /* Maps */ = {
			isa = PBXGroup;
			children = (
				7E595E7A1AA40B120017A4CD /* tileSet.png */,
				7E595E781AA40AFD0017A4CD /* tileSet@2x.png */,
				7E595E761AA40AD30017A4CD /* level1.tmx */,
				B1A62FFE1AA20B1D00D23982 /* lightsout2.png */,
				B1A62FF81AA206E700D23982 /* bluetile.png */,
				B1A62FF91AA206E700D23982 /* crackedtile.png */,
				B1A62FFA1AA206E700D23982 /* redtile.png */,
				B1B0EC701AA1ED210034434B /* lo_level1.tmx */,
				B1DBC54A1AA43F7A000C93F7 /* lo_level2.tmx */,
			);
			name = Maps;
			sourceTree = "<group>";
		};
		B146E4201A9C09ED000CB0A0 = {
			isa = PBXGroup;
			children = (
				B1A62FEE1AA1FE5900D23982 /* External */,
				B146E42B1A9C09ED000CB0A0 /* LightsOut */,
				B146E44A1A9C09ED000CB0A0 /* LightsOutTests */,
				B146E42A1A9C09ED000CB0A0 /* Products */,
				B1A62FEC1AA1FE2800D23982 /* Frameworks */,
			);
			sourceTree = "<group>";
		};
		B146E42A1A9C09ED000CB0A0 /* Products */ = {
			isa = PBXGroup;
			children = (
				B146E4291A9C09ED000CB0A0 /* LightsOut.app */,
				B146E4471A9C09ED000CB0A0 /* LightsOutTests.xctest */,
			);
			name = Products;
			sourceTree = "<group>";
		};
		B146E42B1A9C09ED000CB0A0 /* LightsOut */ = {
			isa = PBXGroup;
			children = (
				B1A62FED1AA1FE4D00D23982 /* JSTileMap */,
				1B7FA0FC1AA1D3380005624B /* Maps */,
				B146E4301A9C09ED000CB0A0 /* AppDelegate.h */,
				B146E4311A9C09ED000CB0A0 /* AppDelegate.m */,
				B146E4331A9C09ED000CB0A0 /* GameScene.h */,
				B146E4341A9C09ED000CB0A0 /* GameScene.m */,
				B146E4381A9C09ED000CB0A0 /* GameViewController.h */,
				B146E4391A9C09ED000CB0A0 /* GameViewController.m */,
				B146E43B1A9C09ED000CB0A0 /* Main.storyboard */,
				B146E43E1A9C09ED000CB0A0 /* Images.xcassets */,
				B146E4401A9C09ED000CB0A0 /* LaunchScreen.xib */,
				B146E42C1A9C09ED000CB0A0 /* Supporting Files */,
				7E29E9141A9C7EB9008C286C /* Player.h */,
				7E29E9151A9C7EB9008C286C /* Player.m */,
				B1B0EC611AA1B31C0034434B /* Task.h */,
				B1B0EC621AA1B31C0034434B /* Task.m */,
				B1B0EC631AA1B31C0034434B /* TaskQueue.h */,
				B1B0EC641AA1B31C0034434B /* TaskQueue.m */,
				1B7FA0F91AA1D26D0005624B /* MasterScene.h */,
				1B7FA0FA1AA1D26D0005624B /* MasterScene.m */,
			);
			path = LightsOut;
			sourceTree = "<group>";
		};
		B146E42C1A9C09ED000CB0A0 /* Supporting Files */ = {
			isa = PBXGroup;
			children = (
				B146E42D1A9C09ED000CB0A0 /* Info.plist */,
				B146E42E1A9C09ED000CB0A0 /* main.m */,
			);
			name = "Supporting Files";
			sourceTree = "<group>";
		};
		B146E44A1A9C09ED000CB0A0 /* LightsOutTests */ = {
			isa = PBXGroup;
			children = (
				B146E44D1A9C09ED000CB0A0 /* LightsOutTests.m */,
				B146E44B1A9C09ED000CB0A0 /* Supporting Files */,
			);
			path = LightsOutTests;
			sourceTree = "<group>";
		};
		B146E44B1A9C09ED000CB0A0 /* Supporting Files */ = {
			isa = PBXGroup;
			children = (
				B146E44C1A9C09ED000CB0A0 /* Info.plist */,
			);
			name = "Supporting Files";
			sourceTree = "<group>";
		};
		B1A62FEC1AA1FE2800D23982 /* Frameworks */ = {
			isa = PBXGroup;
			children = (
				7E57E2C61AA1E6D000AB94A5 /* libz.dylib */,
				B1A62FEA1AA1FDCD00D23982 /* Foundation.framework */,
				B1A62FE81AA1FDB900D23982 /* UIKit.framework */,
				B1A62FE61AA1FDB300D23982 /* CoreGraphics.framework */,
				B1A62FE41AA1FDA500D23982 /* SpriteKit.framework */,
			);
			name = Frameworks;
			sourceTree = "<group>";
		};
		B1A62FED1AA1FE4D00D23982 /* JSTileMap */ = {
			isa = PBXGroup;
			children = (
				B1A62FEF1AA2027000D23982 /* JSTileMap.h */,
				B1A62FF01AA2027000D23982 /* JSTileMap.m */,
			);
			name = JSTileMap;
			sourceTree = "<group>";
		};
		B1A62FEE1AA1FE5900D23982 /* External */ = {
			isa = PBXGroup;
			children = (
				B1B0EC741AA1F82E0034434B /* LFCGzipUtility.h */,
				B1B0EC751AA1F82E0034434B /* LFCGzipUtility.m */,
			);
			name = External;
			sourceTree = "<group>";
		};
/* End PBXGroup section */

/* Begin PBXNativeTarget section */
		B146E4281A9C09ED000CB0A0 /* LightsOut */ = {
			isa = PBXNativeTarget;
			buildConfigurationList = B146E4511A9C09ED000CB0A0 /* Build configuration list for PBXNativeTarget "LightsOut" */;
			buildPhases = (
				B146E4251A9C09ED000CB0A0 /* Sources */,
				B146E4261A9C09ED000CB0A0 /* Frameworks */,
				B146E4271A9C09ED000CB0A0 /* Resources */,
			);
			buildRules = (
			);
			dependencies = (
			);
			name = LightsOut;
			productName = LightsOut;
			productReference = B146E4291A9C09ED000CB0A0 /* LightsOut.app */;
			productType = "com.apple.product-type.application";
		};
		B146E4461A9C09ED000CB0A0 /* LightsOutTests */ = {
			isa = PBXNativeTarget;
			buildConfigurationList = B146E4541A9C09ED000CB0A0 /* Build configuration list for PBXNativeTarget "LightsOutTests" */;
			buildPhases = (
				B146E4431A9C09ED000CB0A0 /* Sources */,
				B146E4441A9C09ED000CB0A0 /* Frameworks */,
				B146E4451A9C09ED000CB0A0 /* Resources */,
			);
			buildRules = (
			);
			dependencies = (
				B146E4491A9C09ED000CB0A0 /* PBXTargetDependency */,
			);
			name = LightsOutTests;
			productName = LightsOutTests;
			productReference = B146E4471A9C09ED000CB0A0 /* LightsOutTests.xctest */;
			productType = "com.apple.product-type.bundle.unit-test";
		};
/* End PBXNativeTarget section */

/* Begin PBXProject section */
		B146E4211A9C09ED000CB0A0 /* Project object */ = {
			isa = PBXProject;
			attributes = {
				LastUpgradeCheck = 0610;
				ORGANIZATIONNAME = "Elijah Houle";
				TargetAttributes = {
					B146E4281A9C09ED000CB0A0 = {
						CreatedOnToolsVersion = 6.1.1;
					};
					B146E4461A9C09ED000CB0A0 = {
						CreatedOnToolsVersion = 6.1.1;
						TestTargetID = B146E4281A9C09ED000CB0A0;
					};
				};
			};
			buildConfigurationList = B146E4241A9C09ED000CB0A0 /* Build configuration list for PBXProject "LightsOut" */;
			compatibilityVersion = "Xcode 3.2";
			developmentRegion = English;
			hasScannedForEncodings = 0;
			knownRegions = (
				en,
				Base,
			);
			mainGroup = B146E4201A9C09ED000CB0A0;
			productRefGroup = B146E42A1A9C09ED000CB0A0 /* Products */;
			projectDirPath = "";
			projectRoot = "";
			targets = (
				B146E4281A9C09ED000CB0A0 /* LightsOut */,
				B146E4461A9C09ED000CB0A0 /* LightsOutTests */,
			);
		};
/* End PBXProject section */

/* Begin PBXResourcesBuildPhase section */
		B146E4271A9C09ED000CB0A0 /* Resources */ = {
			isa = PBXResourcesBuildPhase;
			buildActionMask = 2147483647;
			files = (
				7E595E771AA40AD30017A4CD /* level1.tmx in Resources */,
				B146E4421A9C09ED000CB0A0 /* LaunchScreen.xib in Resources */,
				B1A62FFD1AA206E700D23982 /* redtile.png in Resources */,
				7E595E791AA40AFD0017A4CD /* tileSet@2x.png in Resources */,
				B1A62FFC1AA206E700D23982 /* crackedtile.png in Resources */,
				B1A62FFB1AA206E700D23982 /* bluetile.png in Resources */,
				B146E43F1A9C09ED000CB0A0 /* Images.xcassets in Resources */,
				7E595E7B1AA40B120017A4CD /* tileSet.png in Resources */,
				B146E43D1A9C09ED000CB0A0 /* Main.storyboard in Resources */,
				B1DBC54F1AA43F7A000C93F7 /* lo_level2.tmx in Resources */,
				B1A62FFF1AA20B1D00D23982 /* lightsout2.png in Resources */,
				B1B0EC711AA1ED210034434B /* lo_level1.tmx in Resources */,
			);
			runOnlyForDeploymentPostprocessing = 0;
		};
		B146E4451A9C09ED000CB0A0 /* Resources */ = {
			isa = PBXResourcesBuildPhase;
			buildActionMask = 2147483647;
			files = (
			);
			runOnlyForDeploymentPostprocessing = 0;
		};
/* End PBXResourcesBuildPhase section */

/* Begin PBXSourcesBuildPhase section */
		B146E4251A9C09ED000CB0A0 /* Sources */ = {
			isa = PBXSourcesBuildPhase;
			buildActionMask = 2147483647;
			files = (
				B146E43A1A9C09ED000CB0A0 /* GameViewController.m in Sources */,
				B146E4321A9C09ED000CB0A0 /* AppDelegate.m in Sources */,
				B146E4351A9C09ED000CB0A0 /* GameScene.m in Sources */,
				1B7FA0FB1AA1D26D0005624B /* MasterScene.m in Sources */,
				7E29E9161A9C7EB9008C286C /* Player.m in Sources */,
				B1B0EC651AA1B31C0034434B /* Task.m in Sources */,
				B1B0EC661AA1B31C0034434B /* TaskQueue.m in Sources */,
				B1B0EC771AA1F82E0034434B /* LFCGzipUtility.m in Sources */,
				B1A62FF11AA2027000D23982 /* JSTileMap.m in Sources */,
				B146E42F1A9C09ED000CB0A0 /* main.m in Sources */,
			);
			runOnlyForDeploymentPostprocessing = 0;
		};
		B146E4431A9C09ED000CB0A0 /* Sources */ = {
			isa = PBXSourcesBuildPhase;
			buildActionMask = 2147483647;
			files = (
				B146E44E1A9C09ED000CB0A0 /* LightsOutTests.m in Sources */,
			);
			runOnlyForDeploymentPostprocessing = 0;
		};
/* End PBXSourcesBuildPhase section */

/* Begin PBXTargetDependency section */
		B146E4491A9C09ED000CB0A0 /* PBXTargetDependency */ = {
			isa = PBXTargetDependency;
			target = B146E4281A9C09ED000CB0A0 /* LightsOut */;
			targetProxy = B146E4481A9C09ED000CB0A0 /* PBXContainerItemProxy */;
		};
/* End PBXTargetDependency section */

/* Begin PBXVariantGroup section */
		B146E43B1A9C09ED000CB0A0 /* Main.storyboard */ = {
			isa = PBXVariantGroup;
			children = (
				B146E43C1A9C09ED000CB0A0 /* Base */,
			);
			name = Main.storyboard;
			sourceTree = "<group>";
		};
		B146E4401A9C09ED000CB0A0 /* LaunchScreen.xib */ = {
			isa = PBXVariantGroup;
			children = (
				B146E4411A9C09ED000CB0A0 /* Base */,
			);
			name = LaunchScreen.xib;
			sourceTree = "<group>";
		};
/* End PBXVariantGroup section */

/* Begin XCBuildConfiguration section */
		B146E44F1A9C09ED000CB0A0 /* Debug */ = {
			isa = XCBuildConfiguration;
			buildSettings = {
				ALWAYS_SEARCH_USER_PATHS = NO;
				CLANG_CXX_LANGUAGE_STANDARD = "gnu++0x";
				CLANG_CXX_LIBRARY = "libc++";
				CLANG_ENABLE_MODULES = YES;
				CLANG_ENABLE_OBJC_ARC = YES;
				CLANG_WARN_BOOL_CONVERSION = YES;
				CLANG_WARN_CONSTANT_CONVERSION = YES;
				CLANG_WARN_DIRECT_OBJC_ISA_USAGE = YES_ERROR;
				CLANG_WARN_EMPTY_BODY = YES;
				CLANG_WARN_ENUM_CONVERSION = YES;
				CLANG_WARN_INT_CONVERSION = YES;
				CLANG_WARN_OBJC_ROOT_CLASS = YES_ERROR;
				CLANG_WARN_UNREACHABLE_CODE = YES;
				CLANG_WARN__DUPLICATE_METHOD_MATCH = YES;
				"CODE_SIGN_IDENTITY[sdk=iphoneos*]" = "iPhone Developer";
				COPY_PHASE_STRIP = NO;
				ENABLE_STRICT_OBJC_MSGSEND = YES;
				GCC_C_LANGUAGE_STANDARD = gnu99;
				GCC_DYNAMIC_NO_PIC = NO;
				GCC_OPTIMIZATION_LEVEL = 0;
				GCC_PREPROCESSOR_DEFINITIONS = (
					"DEBUG=1",
					"$(inherited)",
				);
				GCC_SYMBOLS_PRIVATE_EXTERN = NO;
				GCC_WARN_64_TO_32_BIT_CONVERSION = YES;
				GCC_WARN_ABOUT_RETURN_TYPE = YES_ERROR;
				GCC_WARN_UNDECLARED_SELECTOR = YES;
				GCC_WARN_UNINITIALIZED_AUTOS = YES_AGGRESSIVE;
				GCC_WARN_UNUSED_FUNCTION = YES;
				GCC_WARN_UNUSED_VARIABLE = YES;
				IPHONEOS_DEPLOYMENT_TARGET = 8.1;
				MTL_ENABLE_DEBUG_INFO = YES;
				ONLY_ACTIVE_ARCH = YES;
				SDKROOT = iphoneos;
				TARGETED_DEVICE_FAMILY = "1,2";
			};
			name = Debug;
		};
		B146E4501A9C09ED000CB0A0 /* Release */ = {
			isa = XCBuildConfiguration;
			buildSettings = {
				ALWAYS_SEARCH_USER_PATHS = NO;
				CLANG_CXX_LANGUAGE_STANDARD = "gnu++0x";
				CLANG_CXX_LIBRARY = "libc++";
				CLANG_ENABLE_MODULES = YES;
				CLANG_ENABLE_OBJC_ARC = YES;
				CLANG_WARN_BOOL_CONVERSION = YES;
				CLANG_WARN_CONSTANT_CONVERSION = YES;
				CLANG_WARN_DIRECT_OBJC_ISA_USAGE = YES_ERROR;
				CLANG_WARN_EMPTY_BODY = YES;
				CLANG_WARN_ENUM_CONVERSION = YES;
				CLANG_WARN_INT_CONVERSION = YES;
				CLANG_WARN_OBJC_ROOT_CLASS = YES_ERROR;
				CLANG_WARN_UNREACHABLE_CODE = YES;
				CLANG_WARN__DUPLICATE_METHOD_MATCH = YES;
				"CODE_SIGN_IDENTITY[sdk=iphoneos*]" = "iPhone Developer";
				COPY_PHASE_STRIP = YES;
				ENABLE_NS_ASSERTIONS = NO;
				ENABLE_STRICT_OBJC_MSGSEND = YES;
				GCC_C_LANGUAGE_STANDARD = gnu99;
				GCC_WARN_64_TO_32_BIT_CONVERSION = YES;
				GCC_WARN_ABOUT_RETURN_TYPE = YES_ERROR;
				GCC_WARN_UNDECLARED_SELECTOR = YES;
				GCC_WARN_UNINITIALIZED_AUTOS = YES_AGGRESSIVE;
				GCC_WARN_UNUSED_FUNCTION = YES;
				GCC_WARN_UNUSED_VARIABLE = YES;
				IPHONEOS_DEPLOYMENT_TARGET = 8.1;
				MTL_ENABLE_DEBUG_INFO = NO;
				SDKROOT = iphoneos;
				TARGETED_DEVICE_FAMILY = "1,2";
				VALIDATE_PRODUCT = YES;
			};
			name = Release;
		};
		B146E4521A9C09ED000CB0A0 /* Debug */ = {
			isa = XCBuildConfiguration;
			buildSettings = {
				ASSETCATALOG_COMPILER_APPICON_NAME = AppIcon;
				CODE_SIGN_IDENTITY = "iPhone Developer";
				INFOPLIST_FILE = LightsOut/Info.plist;
				LD_RUNPATH_SEARCH_PATHS = "$(inherited) @executable_path/Frameworks";
				PRODUCT_NAME = "$(TARGET_NAME)";
			};
			name = Debug;
		};
		B146E4531A9C09ED000CB0A0 /* Release */ = {
			isa = XCBuildConfiguration;
			buildSettings = {
				ASSETCATALOG_COMPILER_APPICON_NAME = AppIcon;
				CODE_SIGN_IDENTITY = "iPhone Developer";
				INFOPLIST_FILE = LightsOut/Info.plist;
				LD_RUNPATH_SEARCH_PATHS = "$(inherited) @executable_path/Frameworks";
				PRODUCT_NAME = "$(TARGET_NAME)";
			};
			name = Release;
		};
		B146E4551A9C09ED000CB0A0 /* Debug */ = {
			isa = XCBuildConfiguration;
			buildSettings = {
				BUNDLE_LOADER = "$(TEST_HOST)";
				FRAMEWORK_SEARCH_PATHS = (
					"$(SDKROOT)/Developer/Library/Frameworks",
					"$(inherited)",
				);
				GCC_PREPROCESSOR_DEFINITIONS = (
					"DEBUG=1",
					"$(inherited)",
				);
				INFOPLIST_FILE = LightsOutTests/Info.plist;
				LD_RUNPATH_SEARCH_PATHS = "$(inherited) @executable_path/Frameworks @loader_path/Frameworks";
				PRODUCT_NAME = "$(TARGET_NAME)";
				TEST_HOST = "$(BUILT_PRODUCTS_DIR)/LightsOut.app/LightsOut";
			};
			name = Debug;
		};
		B146E4561A9C09ED000CB0A0 /* Release */ = {
			isa = XCBuildConfiguration;
			buildSettings = {
				BUNDLE_LOADER = "$(TEST_HOST)";
				FRAMEWORK_SEARCH_PATHS = (
					"$(SDKROOT)/Developer/Library/Frameworks",
					"$(inherited)",
				);
				INFOPLIST_FILE = LightsOutTests/Info.plist;
				LD_RUNPATH_SEARCH_PATHS = "$(inherited) @executable_path/Frameworks @loader_path/Frameworks";
				PRODUCT_NAME = "$(TARGET_NAME)";
				TEST_HOST = "$(BUILT_PRODUCTS_DIR)/LightsOut.app/LightsOut";
			};
			name = Release;
		};
/* End XCBuildConfiguration section */

/* Begin XCConfigurationList section */
		B146E4241A9C09ED000CB0A0 /* Build configuration list for PBXProject "LightsOut" */ = {
			isa = XCConfigurationList;
			buildConfigurations = (
				B146E44F1A9C09ED000CB0A0 /* Debug */,
				B146E4501A9C09ED000CB0A0 /* Release */,
			);
			defaultConfigurationIsVisible = 0;
			defaultConfigurationName = Release;
		};
		B146E4511A9C09ED000CB0A0 /* Build configuration list for PBXNativeTarget "LightsOut" */ = {
			isa = XCConfigurationList;
			buildConfigurations = (
				B146E4521A9C09ED000CB0A0 /* Debug */,
				B146E4531A9C09ED000CB0A0 /* Release */,
			);
			defaultConfigurationIsVisible = 0;
			defaultConfigurationName = Release;
		};
		B146E4541A9C09ED000CB0A0 /* Build configuration list for PBXNativeTarget "LightsOutTests" */ = {
			isa = XCConfigurationList;
			buildConfigurations = (
				B146E4551A9C09ED000CB0A0 /* Debug */,
				B146E4561A9C09ED000CB0A0 /* Release */,
			);
			defaultConfigurationIsVisible = 0;
			defaultConfigurationName = Release;
		};
/* End XCConfigurationList section */
	};
	rootObject = B146E4211A9C09ED000CB0A0 /* Project object */;
}
